
Microsoft Visual Studio Solution File, Format Version 12.00
# Visual Studio 15
VisualStudioVersion = 15.0.27130.2027
MinimumVisualStudioVersion = 10.0.40219.1
Project("{FAE04EC0-301F-11D3-BF4B-00C04F79EFBC}") = "Staff Tab", "Staff Tab\Staff Tab.csproj", "{A6C06E44-FD9B-440D-8F29-E8BE536AF205}"
EndProject
Global
	GlobalSection(SolutionConfigurationPlatforms) = preSolution
		Debug|Any CPU = Debug|Any CPU
		Release|Any CPU = Release|Any CPU
	EndGlobalSection
	GlobalSection(ProjectConfigurationPlatforms) = postSolution
		{A6C06E44-FD9B-440D-8F29-E8BE536AF205}.Debug|Any CPU.ActiveCfg = Debug|Any CPU
		{A6C06E44-FD9B-440D-8F29-E8BE536AF205}.Debug|Any CPU.Build.0 = Debug|Any CPU
		{A6C06E44-FD9B-440D-8F29-E8BE536AF205}.Release|Any CPU.ActiveCfg = Release|Any CPU
		{A6C06E44-FD9B-440D-8F29-E8BE536AF205}.Release|Any CPU.Build.0 = Release|Any CPU
	EndGlobalSection
	GlobalSection(SolutionProperties) = preSolution
		HideSolutionNode = FALSE
	EndGlobalSection
	GlobalSection(ExtensibilityGlobals) = postSolution
		SolutionGuid = {82F92F45-8F0A-4C3C-9F2E-0B936081A27C}
	EndGlobalSection
EndGlobal
